
Microsoft Visual Studio Solution File, Format Version 12.00
# Visual Studio Version 17
VisualStudioVersion = 17.0.31521.260
MinimumVisualStudioVersion = 10.0.40219.1
Project("{9A19103F-16F7-4668-BE54-9A1E7A4F7556}") = "Dotz.API", "Dotz.API\Dotz.API.csproj", "{D58A55F2-8DF3-4D7D-A9AA-3305F4872A3D}"
EndProject
Global
	GlobalSection(SolutionConfigurationPlatforms) = preSolution
		Debug|Any CPU = Debug|Any CPU
		Release|Any CPU = Release|Any CPU
	EndGlobalSection
	GlobalSection(ProjectConfigurationPlatforms) = postSolution
		{D58A55F2-8DF3-4D7D-A9AA-3305F4872A3D}.Debug|Any CPU.ActiveCfg = Debug|Any CPU
		{D58A55F2-8DF3-4D7D-A9AA-3305F4872A3D}.Debug|Any CPU.Build.0 = Debug|Any CPU
		{D58A55F2-8DF3-4D7D-A9AA-3305F4872A3D}.Release|Any CPU.ActiveCfg = Release|Any CPU
		{D58A55F2-8DF3-4D7D-A9AA-3305F4872A3D}.Release|Any CPU.Build.0 = Release|Any CPU
	EndGlobalSection
	GlobalSection(SolutionProperties) = preSolution
		HideSolutionNode = FALSE
	EndGlobalSection
	GlobalSection(ExtensibilityGlobals) = postSolution
		SolutionGuid = {C4129F70-0EE8-42CD-A60D-894F4F9B2ABD}
	EndGlobalSection
EndGlobal
